
Microsoft Visual Studio Solution File, Format Version 12.00
# Visual Studio 15
VisualStudioVersion = 15.0.28307.421
MinimumVisualStudioVersion = 10.0.40219.1
Project("{FAE04EC0-301F-11D3-BF4B-00C04F79EFBC}") = "Joystick_Test", "Joystick_Test\Joystick_Test.csproj", "{401BCB6D-BA53-4789-9002-954F08388A59}"
EndProject
Global
	GlobalSection(SolutionConfigurationPlatforms) = preSolution
		Debug|Any CPU = Debug|Any CPU
		Release|Any CPU = Release|Any CPU
	EndGlobalSection
	GlobalSection(ProjectConfigurationPlatforms) = postSolution
		{401BCB6D-BA53-4789-9002-954F08388A59}.Debug|Any CPU.ActiveCfg = Debug|Any CPU
		{401BCB6D-BA53-4789-9002-954F08388A59}.Debug|Any CPU.Build.0 = Debug|Any CPU
		{401BCB6D-BA53-4789-9002-954F08388A59}.Release|Any CPU.ActiveCfg = Release|Any CPU
		{401BCB6D-BA53-4789-9002-954F08388A59}.Release|Any CPU.Build.0 = Release|Any CPU
	EndGlobalSection
	GlobalSection(SolutionProperties) = preSolution
		HideSolutionNode = FALSE
	EndGlobalSection
	GlobalSection(ExtensibilityGlobals) = postSolution
		SolutionGuid = {2672F625-503E-48B1-B7D7-ECB93B6D48F5}
	EndGlobalSection
EndGlobal
